
Microsoft Visual Studio Solution File, Format Version 12.00
# Visual Studio Version 16
VisualStudioVersion = 16.0.29503.13
MinimumVisualStudioVersion = 10.0.40219.1
Project("{8BC9CEB8-8B4A-11D0-8D11-00A0C91BC942}") = "Puzzle", "Puzzle.vcxproj", "{B11AD90A-5A30-48B1-9D36-54EC7CC6644F}"
EndProject
Global
	GlobalSection(SolutionConfigurationPlatforms) = preSolution
		Debug|x64 = Debug|x64
		Debug|x86 = Debug|x86
		Release|x64 = Release|x64
		Release|x86 = Release|x86
	EndGlobalSection
	GlobalSection(ProjectConfigurationPlatforms) = postSolution
		{B11AD90A-5A30-48B1-9D36-54EC7CC6644F}.Debug|x64.ActiveCfg = Debug|x64
		{B11AD90A-5A30-48B1-9D36-54EC7CC6644F}.Debug|x64.Build.0 = Debug|x64
		{B11AD90A-5A30-48B1-9D36-54EC7CC6644F}.Debug|x86.ActiveCfg = Debug|Win32
		{B11AD90A-5A30-48B1-9D36-54EC7CC6644F}.Debug|x86.Build.0 = Debug|Win32
		{B11AD90A-5A30-48B1-9D36-54EC7CC6644F}.Release|x64.ActiveCfg = Release|x64
		{B11AD90A-5A30-48B1-9D36-54EC7CC6644F}.Release|x64.Build.0 = Release|x64
		{B11AD90A-5A30-48B1-9D36-54EC7CC6644F}.Release|x86.ActiveCfg = Release|Win32
		{B11AD90A-5A30-48B1-9D36-54EC7CC6644F}.Release|x86.Build.0 = Release|Win32
	EndGlobalSection
	GlobalSection(SolutionProperties) = preSolution
		HideSolutionNode = FALSE
	EndGlobalSection
	GlobalSection(ExtensibilityGlobals) = postSolution
		SolutionGuid = {EC96E62F-3E48-44B8-899E-1F4A638B8BCB}
	EndGlobalSection
EndGlobal
